
Microsoft Visual Studio Solution File, Format Version 12.00
# Visual Studio 14
VisualStudioVersion = 14.0.25420.1
MinimumVisualStudioVersion = 10.0.40219.1
Project("{2150E333-8FDC-42A3-9474-1A3956D46DE8}") = "src", "src", "{10C1A65C-3EFD-4B15-873E-C64D52432DA9}"
EndProject
Project("{2150E333-8FDC-42A3-9474-1A3956D46DE8}") = "Solution Items", "Solution Items", "{5804D9DB-B3D0-4E2C-B901-10037F5C1CF0}"
	ProjectSection(SolutionItems) = preProject
		global.json = global.json
	EndProjectSection
EndProject
Project("{8BB2217D-0F2D-49D1-97BC-3654ED321F3B}") = "ToDoList", "src\ToDoList\ToDoList.xproj", "{B0AD0F07-393E-45F9-B88D-CD51356A7FAE}"
EndProject
Global
	GlobalSection(SolutionConfigurationPlatforms) = preSolution
		Debug|Any CPU = Debug|Any CPU
		Release|Any CPU = Release|Any CPU
	EndGlobalSection
	GlobalSection(ProjectConfigurationPlatforms) = postSolution
		{B0AD0F07-393E-45F9-B88D-CD51356A7FAE}.Debug|Any CPU.ActiveCfg = Debug|Any CPU
		{B0AD0F07-393E-45F9-B88D-CD51356A7FAE}.Debug|Any CPU.Build.0 = Debug|Any CPU
		{B0AD0F07-393E-45F9-B88D-CD51356A7FAE}.Release|Any CPU.ActiveCfg = Release|Any CPU
		{B0AD0F07-393E-45F9-B88D-CD51356A7FAE}.Release|Any CPU.Build.0 = Release|Any CPU
	EndGlobalSection
	GlobalSection(SolutionProperties) = preSolution
		HideSolutionNode = FALSE
	EndGlobalSection
	GlobalSection(NestedProjects) = preSolution
		{B0AD0F07-393E-45F9-B88D-CD51356A7FAE} = {10C1A65C-3EFD-4B15-873E-C64D52432DA9}
	EndGlobalSection
EndGlobal
